{
    "_meta": {
        "hash": {
            "sha256": "1c30ba48168472b0c47dac43bcc2b6d84efb2abdc85d4ac9a2ba76795961238e"
        },
        "pipfile-spec": 6,
        "requires": {
            "python_version": "3.7"
        },
        "sources": [
            {
                "name": "pypi",
                "url": "https://pypi.org/simple",
                "verify_ssl": true
            }
        ]
    },
    "default": {
        "attrs": {
            "hashes": [
                "sha256:08a96c641c3a74e44eb59afb61a24f2cb9f4d7188748e76ba4bb5edfa3cb7d1c",
                "sha256:f7b7ce16570fe9965acd6d30101a28f62fb4a7f9e926b3bbc9b61f8b04247e72"
            ],
            "markers": "python_version >= '2.7' and python_version not in '3.0, 3.1, 3.2, 3.3'",
            "version": "==19.3.0"
        },
        "aws-cdk.assets": {
            "hashes": [
                "sha256:00a00ad3aee541e3b407ec6f3144493686d8aad734ea4766e26816551c2bc683",
                "sha256:2d60c220231e7bd4631d03a112687f423d0738803156ab431319f618f79bf9ab"
            ],
            "markers": "python_version >= '3.6'",
            "version": "==1.53.0"
        },
        "aws-cdk.aws-apigateway": {
            "hashes": [
                "sha256:02db55c2735c9738674b0138ae0e6fe6cfdbdccf072eba71f281fefc46c78079",
                "sha256:161d28e9b1816838421ccaa3399350062542ab527ef043bf65236a0d7174bb5f"
            ],
            "markers": "python_version >= '3.6'",
            "version": "==1.53.0"
        },
        "aws-cdk.aws-applicationautoscaling": {
            "hashes": [
                "sha256:801ea46f6e301f154195e1feb9f989a99681d2cfa179548502347ff2ddfb283e",
                "sha256:964f76f873419f4993f6f122e09d266a8da30f35ad17376cdff270113f54c6a3"
            ],
            "markers": "python_version >= '3.6'",
            "version": "==1.53.0"
        },
        "aws-cdk.aws-autoscaling": {
            "hashes": [
                "sha256:1bc40efbccc0ccb7f74622802563759cf9f437e9105e8b6a2151a6eb8fe72113",
                "sha256:f7ace39023073d7a37ae1954ffdf737cb8f9e5cbb8a673aca1b3453155b619df"
            ],
            "markers": "python_version >= '3.6'",
            "version": "==1.53.0"
        },
        "aws-cdk.aws-autoscaling-common": {
            "hashes": [
                "sha256:24b1366c15423821bc24cd42978c68a519ddd87db4d6bd56ab7aa9f418d77875",
                "sha256:ab34f873b2a4e8e0ad00aa458e9092597ec128ef0639eb4d2370027950febe85"
            ],
            "markers": "python_version >= '3.6'",
            "version": "==1.53.0"
        },
        "aws-cdk.aws-autoscaling-hooktargets": {
            "hashes": [
                "sha256:34f9e092006769f6bbe0c4bdb929e31c213bb02f22aa7b4d55706b1543de8c25",
                "sha256:d47b3d9fbc8689ff930c4ff0af3273e14a07a5aec95a9b4c69e027ba9071cc76"
            ],
            "markers": "python_version >= '3.6'",
            "version": "==1.53.0"
        },
        "aws-cdk.aws-batch": {
            "hashes": [
                "sha256:41cbcdf8e2084ccf93beb74fa31a4595c280ef423a95124dfe14344529d2873e",
                "sha256:978ad5b0d051fa07d600806be1a533c0ca0234f2a2c0b6ee0266878345a57de8"
            ],
            "markers": "python_version >= '3.6'",
            "version": "==1.53.0"
        },
        "aws-cdk.aws-certificatemanager": {
            "hashes": [
                "sha256:a39f69bea49100cd0d6c71499c890521b9a61b16c02d0949d4417ecdde84faba",
                "sha256:a708fa49b265d13f7c27648d67775273872b2d12ee44a33186966d0a2c723e0d"
            ],
            "markers": "python_version >= '3.6'",
            "version": "==1.53.0"
        },
        "aws-cdk.aws-cloudformation": {
            "hashes": [
                "sha256:67a89b4f4bff529a01e6e8253ccecfe91c68a5923c829cccd4e4500a19eb2838",
                "sha256:aa70fd145e80fa25fe8367b7d2b672741cc10436596e9b2670ebd91f27f7044b"
            ],
            "markers": "python_version >= '3.6'",
            "version": "==1.53.0"
        },
        "aws-cdk.aws-cloudfront": {
            "hashes": [
                "sha256:c83daa1f8375d83a94c0db186d600ba767f46d28838ccd2d404d47ecd36ea352",
                "sha256:f1c4aac02863e41f4a34b9b8ce1632c145e9d01cfd28ff4cfe074700846596cb"
            ],
            "markers": "python_version >= '3.6'",
            "version": "==1.53.0"
        },
        "aws-cdk.aws-cloudwatch": {
            "hashes": [
                "sha256:1890067e1a69f6cafe44ba202c95d2b64a8d3a9707f3c5d6a15508d9eb766543",
                "sha256:fa9b28d9b2f013b105c445676d4d5a00849bed33f5e115c78c3d636dcd46c43a"
            ],
            "markers": "python_version >= '3.6'",
            "version": "==1.53.0"
        },
        "aws-cdk.aws-codebuild": {
            "hashes": [
                "sha256:81c245049c3c099826093765e1eb934879122cce78959d8f2f94269ab3771800",
                "sha256:ed637411333034e8f7be0a9ee67f538df72199e594d5e8d8de5c5bfc53ed2fe4"
            ],
            "markers": "python_version >= '3.6'",
            "version": "==1.53.0"
        },
        "aws-cdk.aws-codecommit": {
            "hashes": [
                "sha256:a5db27d4d7a8b8e7ad175975754b295cce6f61f503c9a87cb681cd8a5220e859",
                "sha256:d363750ffb6f6e4eac71c3c38fab659544878aa932f3d7c37ceebf0128676900"
            ],
            "markers": "python_version >= '3.6'",
            "version": "==1.53.0"
        },
        "aws-cdk.aws-codeguruprofiler": {
            "hashes": [
                "sha256:79dbebd8483b486586a28ece820ff45ec51f34fe8cac0af81cf78fb69e38899b",
                "sha256:be9159ea135bb181737d6ac938896a7dff55563b3ea557d8cec991e5b12952b0"
            ],
            "markers": "python_version >= '3.6'",
            "version": "==1.53.0"
        },
        "aws-cdk.aws-codepipeline": {
            "hashes": [
                "sha256:5074e1fceb5c9b5a9f9800c5400ce2a45b8ec7e3b5b3ad872d0fa4b994b92374",
                "sha256:8b77091be13b1a055e0de4e83f9b25398ff6816e04e95fefa1b5509f7e4f0008"
            ],
            "markers": "python_version >= '3.6'",
            "version": "==1.53.0"
        },
        "aws-cdk.aws-cognito": {
            "hashes": [
                "sha256:334de0f06443a98743717ec72fde2d47de243ae36131f7a84bc2b582574b8f08",
                "sha256:977850f4b7664e351f1ad6c4c7324e0280dd2e9e0c2bdcfd5340c3d8035831d2"
            ],
            "markers": "python_version >= '3.6'",
            "version": "==1.53.0"
        },
        "aws-cdk.aws-ec2": {
            "hashes": [
                "sha256:867be8dfe8ef55fbf2c33d70b64b417795384b79a517f75b85bce63bc7255011",
                "sha256:a69593076235a94ceb2edeb3c0f679ecbc050defeeb4ce613717e0a463ea7367"
            ],
            "markers": "python_version >= '3.6'",
            "version": "==1.53.0"
        },
        "aws-cdk.aws-ecr": {
            "hashes": [
                "sha256:071f7669ace10e09fda2950b708d6540152b2b3d421579912d5d736f92c98586",
                "sha256:fcad5ffe8182d0c69c69b95a394a34a0c2a9df461b6b652e11820a223b4a009a"
            ],
            "markers": "python_version >= '3.6'",
            "version": "==1.53.0"
        },
        "aws-cdk.aws-ecr-assets": {
            "hashes": [
                "sha256:88209b313a267d6655e6f80b4d8238366afcd92763367b9c192e89e8de184195",
                "sha256:9eea847fd69d5c2d1a8492373a71d6f4bff9dc2c87b9c911a79be35df5d4e4e5"
            ],
            "markers": "python_version >= '3.6'",
            "version": "==1.53.0"
        },
        "aws-cdk.aws-ecs": {
            "hashes": [
                "sha256:592642cf1b184f0625e57b25b13cf93449d3f43fb01128c55fd8439f0e8e06e3",
                "sha256:6bd46f4179a2b0b016653fc017fbf5808bbfecf02066503321e7e6f61dcf4bac"
            ],
            "markers": "python_version >= '3.6'",
            "version": "==1.53.0"
        },
        "aws-cdk.aws-efs": {
            "hashes": [
                "sha256:262d48958d88dbac12a40ad3335702417a46a22ccb877364817c5a8935dafe95",
                "sha256:2a71be28ad0aa33a22dfc5596c957c768f110217fd43b0f3964533aef6890468"
            ],
            "markers": "python_version >= '3.6'",
            "version": "==1.53.0"
        },
        "aws-cdk.aws-elasticloadbalancing": {
            "hashes": [
                "sha256:477a0688ff98ef41f13722ff0dfb09ade5ccd0031c6e6e2c34d4a98182026c97",
                "sha256:7b69a2736c572522f3d8303b2948b878f56579bd4d498ebbfa15ce69486725b9"
            ],
            "markers": "python_version >= '3.6'",
            "version": "==1.53.0"
        },
        "aws-cdk.aws-elasticloadbalancingv2": {
            "hashes": [
                "sha256:1ed8d240faf8f5f35805e7206efe9f1be23f3d64bbab8e6f7f6637abf5ffb05a",
                "sha256:f8280d2bdd69c8617acc814a3b855f8b36b6bc99173e2260871cf250ac99d550"
            ],
            "markers": "python_version >= '3.6'",
            "version": "==1.53.0"
        },
        "aws-cdk.aws-events": {
            "hashes": [
                "sha256:4323857b384b47ae77ff137dfb9061435bc4f0fd7ad62b319d155651db2448e3",
                "sha256:9e391a99425254b4f2edf256d6db1b6449aba1197aed7eff5e4ac5b536c74095"
            ],
            "index": "pypi",
            "version": "==1.53.0"
        },
        "aws-cdk.aws-events-targets": {
            "hashes": [
                "sha256:1b5ab1d639d1160e406865cf359ba86a07d312e50ed2546c9bdf6b03cf5f6778",
                "sha256:97d9c2113990e6d75affb0307a240f03f2025a06ac8a0e1fe69421fc1f08bfec"
            ],
            "index": "pypi",
            "version": "==1.53.0"
        },
        "aws-cdk.aws-iam": {
            "hashes": [
                "sha256:46223dc6e1dba85764fd07601393aa3554af366c7217d2f0f501880d41a8a29e",
                "sha256:6f9d10daf2fa597fbd1ce5838f92ff5580fff34cc6b8cb68d11197c751a2e706"
            ],
            "markers": "python_version >= '3.6'",
            "version": "==1.53.0"
        },
        "aws-cdk.aws-kinesis": {
            "hashes": [
                "sha256:61229019e3568299ebb4a8ff57bc392229e95de2fa59c3d9979ae295da892d91",
                "sha256:cea4fa7e35c531a1b3439ea8bf91fba2664d06455d6dd2e6ac4ff99ffa133350"
            ],
            "markers": "python_version >= '3.6'",
            "version": "==1.53.0"
        },
        "aws-cdk.aws-kms": {
            "hashes": [
                "sha256:e0d6f9fc891be2b161872c7384414ab8beecb62d33c1e178335d0d43ab083a61",
                "sha256:e60a63e46fab978bb5b4a3b626175cd6f232621cd2841d012a5329b8dc20a085"
            ],
            "markers": "python_version >= '3.6'",
            "version": "==1.53.0"
        },
        "aws-cdk.aws-lambda": {
            "hashes": [
                "sha256:a9c5465400ad3e5415015f3e2c70b44ab4ee086a891aaad583473106b5a5c836",
                "sha256:dfd26cd5349c60d81c7b7c512a13eb0e0d5c5a994fa58167236d2b6d10da11e0"
            ],
            "index": "pypi",
            "version": "==1.53.0"
        },
        "aws-cdk.aws-logs": {
            "hashes": [
                "sha256:47bd6935907ab6f55bb172613909179f7f669dce7e47f22b95b14cd9874ce5e1",
                "sha256:726f80b315f22755f174c24efdca2b8e7d85c0d1dc00e6a1dbb40818f10d1e02"
            ],
            "markers": "python_version >= '3.6'",
            "version": "==1.53.0"
        },
        "aws-cdk.aws-route53": {
            "hashes": [
                "sha256:4147935c5da6ea42a3d880105d81899950151ab59687a6aaf3c30db64a0d3a54",
                "sha256:770bd774edc536a1190ef9072f73c35d329226a58f1c2273a2ec3295cd72dce0"
            ],
            "markers": "python_version >= '3.6'",
            "version": "==1.53.0"
        },
        "aws-cdk.aws-route53-targets": {
            "hashes": [
                "sha256:96489f41080c9f4f41fc53179f84e7bfd2cb84603e3f601fb2e48552c40b31b5",
                "sha256:cbfbe50e267cf4264eb8313701b77b4ab307aa5ee369482c8c3ccab94ab9d508"
            ],
            "markers": "python_version >= '3.6'",
            "version": "==1.53.0"
        },
        "aws-cdk.aws-s3": {
            "hashes": [
                "sha256:c03a29bc5199308f616d6ecc33e1b89278bc34065df3fd2648743eac02286c26",
                "sha256:d2ae834201bcda31c2fde2673d5441361fda3800593458fa62b314fe86bcbee2"
            ],
            "index": "pypi",
            "version": "==1.53.0"
        },
        "aws-cdk.aws-s3-assets": {
            "hashes": [
                "sha256:8087edd2354184a112b9928677e14b9a270de59ce1409dbe188d92ca93d1eabf",
                "sha256:93f1d94e7c6b02e643fb576ec3acbe8404c7b08be52eb490c7d9d3a22f4a4729"
            ],
            "markers": "python_version >= '3.6'",
            "version": "==1.53.0"
        },
        "aws-cdk.aws-s3-notifications": {
            "hashes": [
                "sha256:01283d21891dde3b26021f753522540f9d139b65afba85273310d741f20c25f4",
                "sha256:130369c0f244754974eb80acfc244a4450b1f75622f7a8f4d557de45a94e3e85"
            ],
            "index": "pypi",
            "version": "==1.53.0"
        },
        "aws-cdk.aws-sam": {
            "hashes": [
                "sha256:00f169c776d1e5c3076cb7f9805678fa4344c77bf2f7e8f59e2a10a07d80e246",
                "sha256:68baafb24baf67e6d24dcbb4d7d25ef0619e5b220acd59c34235685be4ac2e5c"
            ],
            "markers": "python_version >= '3.6'",
            "version": "==1.53.0"
        },
        "aws-cdk.aws-secretsmanager": {
            "hashes": [
                "sha256:be0c240466972bfbf5309d533d132f6d8084f3298b89823a0ae1845d1a780eb4",
                "sha256:c908cdf5dac0e5c06b0570b935070ada814c0378b846b69ae792b358f7ab5d44"
            ],
            "markers": "python_version >= '3.6'",
            "version": "==1.53.0"
        },
        "aws-cdk.aws-servicediscovery": {
            "hashes": [
                "sha256:c3661bbf14df0b29cfedbdd19305b00d31c7344c8c666bd61baf5b644a5f4f67",
                "sha256:df0fe7eb3327480458ffd9b93624f1d731cdfc1fbcd07ed987a99a78eb1fc1ff"
            ],
            "markers": "python_version >= '3.6'",
            "version": "==1.53.0"
        },
        "aws-cdk.aws-sns": {
            "hashes": [
                "sha256:2d9c8cd3548516ed9afe995986be717b45b94f7bc64e4824a65fdd791701b13f",
                "sha256:c1c72260e544d39687d3c7aafd503c1ea16b9c40a5f9dc273e80aab268c4c7f0"
            ],
            "markers": "python_version >= '3.6'",
            "version": "==1.53.0"
        },
        "aws-cdk.aws-sns-subscriptions": {
            "hashes": [
                "sha256:3e8efe8f21b57ac7aecd4bb06a68ca981cfdf21aaa3c8cbf5cfa8bae4de14327",
                "sha256:e416ef280d2c984de68d32119e14bde6fef3a68f823e332698a3ef89cbbb109b"
            ],
            "markers": "python_version >= '3.6'",
            "version": "==1.53.0"
        },
        "aws-cdk.aws-sqs": {
            "hashes": [
                "sha256:27ef913cbf87b03049c5069d21906b96eebc77fe5dca1041463b6b86994ef432",
                "sha256:bb1f71c792a6b1a3bddbb5af122f2385fdc878df73f2e835109eeda8dc3d74d4"
            ],
            "markers": "python_version >= '3.6'",
            "version": "==1.53.0"
        },
        "aws-cdk.aws-ssm": {
            "hashes": [
                "sha256:8515c3724bd6206ed406f26e89d7def29270b76c19f973428142bd4630f7830a",
                "sha256:fe18d9642642eecc7cfd9da25cc7f2e10f7dae3579e5ee28df192062ab12413e"
            ],
            "markers": "python_version >= '3.6'",
            "version": "==1.53.0"
        },
        "aws-cdk.aws-stepfunctions": {
            "hashes": [
                "sha256:c75d277a54518bedbb818c40eaad12e20cc61ca9f76964d38441c34515ed39c5",
                "sha256:fc556598c64144990369fd63050dd41ee088d5b60a498ceb44fc43acade026ef"
            ],
            "markers": "python_version >= '3.6'",
            "version": "==1.53.0"
        },
        "aws-cdk.cloud-assembly-schema": {
            "hashes": [
                "sha256:8fdab26c185befe820fe4eabbe62b479a8e4d2729e1297333cd1ec64ac190410",
                "sha256:b174306dfe4e097546a24301010bd2db753a691280783930c9a28126efb2a5a6"
            ],
            "markers": "python_version >= '3.6'",
            "version": "==1.53.0"
        },
        "aws-cdk.core": {
            "hashes": [
                "sha256:51065c138d27ffad7a4d3ba69528dd6c7f576d0624fae1041ee073fc9b07ab50",
                "sha256:d46323fb65ae3aecc9e5f95ac1bcf856f3eafd06d7273652fa803ce6c4a538c2"
            ],
            "index": "pypi",
            "version": "==1.53.0"
        },
        "aws-cdk.custom-resources": {
            "hashes": [
                "sha256:b86aebb229f1275e57dcbf12514b88b05e8d0487cdd219136b42c20ac5f0b933",
                "sha256:b86f25159976db098b83307d0bee91203a321ae96a4fc5c2c402775ec40a07e6"
            ],
            "markers": "python_version >= '3.6'",
            "version": "==1.53.0"
        },
        "aws-cdk.cx-api": {
            "hashes": [
                "sha256:4cabd3488f2f4cdf6053cc1bfec812776c5f557f4141b69006f154464c6218f3",
                "sha256:a0f19b2a09cecd8c2e574761f230dc198b9eb30d7624e3c733d1be05f50e90f8"
            ],
            "markers": "python_version >= '3.6'",
            "version": "==1.53.0"
        },
        "aws-cdk.region-info": {
            "hashes": [
                "sha256:1623c3c0354840bb8d4bb0c510ad3b0e548b06fbaad3d8c1aeba0ad7079da791",
                "sha256:78c410dea57d14f5b4834eae30384cc942bec1be9a19d1101ee596e0937d6cc3"
            ],
            "markers": "python_version >= '3.6'",
            "version": "==1.53.0"
        },
        "cattrs": {
            "hashes": [
                "sha256:616972ae3dfa6e623a40ad3cb845420e64942989152774ab055e5c2b2f89f997",
                "sha256:b7ab5cf8ad127c42eefd01410c1c6e28569a45a255ea80ed968511873c433c7a"
            ],
            "version": "==1.0.0"
        },
        "constructs": {
            "hashes": [
                "sha256:9740f25c67d19f3c710c85f298ebfd1d109f9fd54d0ec0b869a87b4c1554da3e",
                "sha256:edb1a78e8780f24046f8945a6f0101406f5b2106f9d93d833e61ca34dc8b980d"
            ],
            "markers": "python_version >= '3.6'",
            "version": "==3.0.4"
        },
        "jsii": {
            "hashes": [
                "sha256:181ada3cecbdb008592c5615ea6fc1be17694a924c14a3500c0858f5ad6c7b90",
                "sha256:1d34289665fc3222dcda2b1bfe2a81a5c976be6fd0ff3e2f8c1b43291dbff62d"
            ],
            "markers": "python_version >= '3.6'",
            "version": "==1.9.0"
        },
        "publication": {
            "hashes": [
                "sha256:0248885351febc11d8a1098d5c8e3ab2dabcf3e8c0c96db1e17ecd12b53afbe6",
                "sha256:68416a0de76dddcdd2930d1c8ef853a743cc96c82416c4e4d3b5d901c6276dc4"
            ],
            "version": "==0.0.3"
        },
        "python-dateutil": {
            "hashes": [
                "sha256:73ebfe9dbf22e832286dafa60473e4cd239f8592f699aa5adaf10050e6e1823c",
                "sha256:75bb3f31ea686f1197762692a9ee6a7550b59fc6ca3a1f4b5d7e32fb98e2da2a"
            ],
            "markers": "python_version >= '2.7' and python_version not in '3.0, 3.1, 3.2, 3.3'",
            "version": "==2.8.1"
        },
        "six": {
            "hashes": [
                "sha256:30639c035cdb23534cd4aa2dd52c3bf48f06e5f4a941509c8bafd8ce11080259",
                "sha256:8b74bedcbbbaca38ff6d7491d76f2b06b3592611af620f8426e82dddb04a5ced"
            ],
            "markers": "python_version >= '2.7' and python_version not in '3.0, 3.1, 3.2, 3.3'",
            "version": "==1.15.0"
        },
        "typing-extensions": {
            "hashes": [
                "sha256:6e95524d8a547a91e08f404ae485bbb71962de46967e1b71a0cb89af24e761c5",
                "sha256:79ee589a3caca649a9bfd2a8de4709837400dfa00b6cc81962a1e6a1815969ae",
                "sha256:f8d2bd89d25bc39dabe7d23df520442fa1d8969b82544370e03d88b5a591c392"
            ],
            "version": "==3.7.4.2"
        }
    },
    "develop": {}
}
